
Microsoft Visual Studio Solution File, Format Version 12.00
# Visual Studio 15
VisualStudioVersion = 15.0.28010.2026
MinimumVisualStudioVersion = 10.0.40219.1
Project("{FAE04EC0-301F-11D3-BF4B-00C04F79EFBC}") = "WeatherApp.Android", "WeatherApp\WeatherApp.Android\WeatherApp.Android.csproj", "{3830BB8A-8235-48BA-A292-61AB40401E81}"
EndProject
Project("{FAE04EC0-301F-11D3-BF4B-00C04F79EFBC}") = "WeatherApp.iOS", "WeatherApp\WeatherApp.iOS\WeatherApp.iOS.csproj", "{1F33E37A-594A-4BB9-B4ED-2F10ADC84C72}"
EndProject
Project("{FAE04EC0-301F-11D3-BF4B-00C04F79EFBC}") = "WeatherApp", "WeatherApp\WeatherApp\WeatherApp.csproj", "{DA1A2748-609D-4049-9443-CB9412254987}"
EndProject
Global
	GlobalSection(SolutionConfigurationPlatforms) = preSolution
		Ad-Hoc|Any CPU = Ad-Hoc|Any CPU
		Ad-Hoc|iPhone = Ad-Hoc|iPhone
		Ad-Hoc|iPhoneSimulator = Ad-Hoc|iPhoneSimulator
		AppStore|Any CPU = AppStore|Any CPU
		AppStore|iPhone = AppStore|iPhone
		AppStore|iPhoneSimulator = AppStore|iPhoneSimulator
		Debug|Any CPU = Debug|Any CPU
		Debug|iPhone = Debug|iPhone
		Debug|iPhoneSimulator = Debug|iPhoneSimulator
		Release|Any CPU = Release|Any CPU
		Release|iPhone = Release|iPhone
		Release|iPhoneSimulator = Release|iPhoneSimulator
	EndGlobalSection
	GlobalSection(ProjectConfigurationPlatforms) = postSolution
		{3830BB8A-8235-48BA-A292-61AB40401E81}.Ad-Hoc|Any CPU.ActiveCfg = Release|Any CPU
		{3830BB8A-8235-48BA-A292-61AB40401E81}.Ad-Hoc|Any CPU.Build.0 = Release|Any CPU
		{3830BB8A-8235-48BA-A292-61AB40401E81}.Ad-Hoc|Any CPU.Deploy.0 = Release|Any CPU
		{3830BB8A-8235-48BA-A292-61AB40401E81}.Ad-Hoc|iPhone.ActiveCfg = Release|Any CPU
		{3830BB8A-8235-48BA-A292-61AB40401E81}.Ad-Hoc|iPhone.Build.0 = Release|Any CPU
		{3830BB8A-8235-48BA-A292-61AB40401E81}.Ad-Hoc|iPhone.Deploy.0 = Release|Any CPU
		{3830BB8A-8235-48BA-A292-61AB40401E81}.Ad-Hoc|iPhoneSimulator.ActiveCfg = Release|Any CPU
		{3830BB8A-8235-48BA-A292-61AB40401E81}.Ad-Hoc|iPhoneSimulator.Build.0 = Release|Any CPU
		{3830BB8A-8235-48BA-A292-61AB40401E81}.Ad-Hoc|iPhoneSimulator.Deploy.0 = Release|Any CPU
		{3830BB8A-8235-48BA-A292-61AB40401E81}.AppStore|Any CPU.ActiveCfg = Release|Any CPU
		{3830BB8A-8235-48BA-A292-61AB40401E81}.AppStore|Any CPU.Build.0 = Release|Any CPU
		{3830BB8A-8235-48BA-A292-61AB40401E81}.AppStore|Any CPU.Deploy.0 = Release|Any CPU
		{3830BB8A-8235-48BA-A292-61AB40401E81}.AppStore|iPhone.ActiveCfg = Release|Any CPU
		{3830BB8A-8235-48BA-A292-61AB40401E81}.AppStore|iPhone.Build.0 = Release|Any CPU
		{3830BB8A-8235-48BA-A292-61AB40401E81}.AppStore|iPhone.Deploy.0 = Release|Any CPU
		{3830BB8A-8235-48BA-A292-61AB40401E81}.AppStore|iPhoneSimulator.ActiveCfg = Release|Any CPU
		{3830BB8A-8235-48BA-A292-61AB40401E81}.AppStore|iPhoneSimulator.Build.0 = Release|Any CPU
		{3830BB8A-8235-48BA-A292-61AB40401E81}.AppStore|iPhoneSimulator.Deploy.0 = Release|Any CPU
		{3830BB8A-8235-48BA-A292-61AB40401E81}.Debug|Any CPU.ActiveCfg = Debug|Any CPU
		{3830BB8A-8235-48BA-A292-61AB40401E81}.Debug|Any CPU.Build.0 = Debug|Any CPU
		{3830BB8A-8235-48BA-A292-61AB40401E81}.Debug|Any CPU.Deploy.0 = Debug|Any CPU
		{3830BB8A-8235-48BA-A292-61AB40401E81}.Debug|iPhone.ActiveCfg = Debug|Any CPU
		{3830BB8A-8235-48BA-A292-61AB40401E81}.Debug|iPhone.Build.0 = Debug|Any CPU
		{3830BB8A-8235-48BA-A292-61AB40401E81}.Debug|iPhone.Deploy.0 = Debug|Any CPU
		{3830BB8A-8235-48BA-A292-61AB40401E81}.Debug|iPhoneSimulator.ActiveCfg = Debug|Any CPU
		{3830BB8A-8235-48BA-A292-61AB40401E81}.Debug|iPhoneSimulator.Build.0 = Debug|Any CPU
		{3830BB8A-8235-48BA-A292-61AB40401E81}.Debug|iPhoneSimulator.Deploy.0 = Debug|Any CPU
		{3830BB8A-8235-48BA-A292-61AB40401E81}.Release|Any CPU.ActiveCfg = Release|Any CPU
		{3830BB8A-8235-48BA-A292-61AB40401E81}.Release|Any CPU.Build.0 = Release|Any CPU
		{3830BB8A-8235-48BA-A292-61AB40401E81}.Release|Any CPU.Deploy.0 = Release|Any CPU
		{3830BB8A-8235-48BA-A292-61AB40401E81}.Release|iPhone.ActiveCfg = Release|Any CPU
		{3830BB8A-8235-48BA-A292-61AB40401E81}.Release|iPhone.Build.0 = Release|Any CPU
		{3830BB8A-8235-48BA-A292-61AB40401E81}.Release|iPhone.Deploy.0 = Release|Any CPU
		{3830BB8A-8235-48BA-A292-61AB40401E81}.Release|iPhoneSimulator.ActiveCfg = Release|Any CPU
		{3830BB8A-8235-48BA-A292-61AB40401E81}.Release|iPhoneSimulator.Build.0 = Release|Any CPU
		{3830BB8A-8235-48BA-A292-61AB40401E81}.Release|iPhoneSimulator.Deploy.0 = Release|Any CPU
		{1F33E37A-594A-4BB9-B4ED-2F10ADC84C72}.Ad-Hoc|Any CPU.ActiveCfg = Ad-Hoc|iPhone
		{1F33E37A-594A-4BB9-B4ED-2F10ADC84C72}.Ad-Hoc|Any CPU.Build.0 = Ad-Hoc|iPhone
		{1F33E37A-594A-4BB9-B4ED-2F10ADC84C72}.Ad-Hoc|Any CPU.Deploy.0 = Ad-Hoc|iPhone
		{1F33E37A-594A-4BB9-B4ED-2F10ADC84C72}.Ad-Hoc|iPhone.ActiveCfg = Ad-Hoc|iPhone
		{1F33E37A-594A-4BB9-B4ED-2F10ADC84C72}.Ad-Hoc|iPhone.Build.0 = Ad-Hoc|iPhone
		{1F33E37A-594A-4BB9-B4ED-2F10ADC84C72}.Ad-Hoc|iPhone.Deploy.0 = Ad-Hoc|iPhone
		{1F33E37A-594A-4BB9-B4ED-2F10ADC84C72}.Ad-Hoc|iPhoneSimulator.ActiveCfg = Ad-Hoc|iPhoneSimulator
		{1F33E37A-594A-4BB9-B4ED-2F10ADC84C72}.Ad-Hoc|iPhoneSimulator.Build.0 = Ad-Hoc|iPhoneSimulator
		{1F33E37A-594A-4BB9-B4ED-2F10ADC84C72}.Ad-Hoc|iPhoneSimulator.Deploy.0 = Ad-Hoc|iPhoneSimulator
		{1F33E37A-594A-4BB9-B4ED-2F10ADC84C72}.AppStore|Any CPU.ActiveCfg = AppStore|iPhone
		{1F33E37A-594A-4BB9-B4ED-2F10ADC84C72}.AppStore|Any CPU.Build.0 = AppStore|iPhone
		{1F33E37A-594A-4BB9-B4ED-2F10ADC84C72}.AppStore|Any CPU.Deploy.0 = AppStore|iPhone
		{1F33E37A-594A-4BB9-B4ED-2F10ADC84C72}.AppStore|iPhone.ActiveCfg = AppStore|iPhone
		{1F33E37A-594A-4BB9-B4ED-2F10ADC84C72}.AppStore|iPhone.Build.0 = AppStore|iPhone
		{1F33E37A-594A-4BB9-B4ED-2F10ADC84C72}.AppStore|iPhone.Deploy.0 = AppStore|iPhone
		{1F33E37A-594A-4BB9-B4ED-2F10ADC84C72}.AppStore|iPhoneSimulator.ActiveCfg = AppStore|iPhoneSimulator
		{1F33E37A-594A-4BB9-B4ED-2F10ADC84C72}.AppStore|iPhoneSimulator.Build.0 = AppStore|iPhoneSimulator
		{1F33E37A-594A-4BB9-B4ED-2F10ADC84C72}.AppStore|iPhoneSimulator.Deploy.0 = AppStore|iPhoneSimulator
		{1F33E37A-594A-4BB9-B4ED-2F10ADC84C72}.Debug|Any CPU.ActiveCfg = Debug|iPhoneSimulator
		{1F33E37A-594A-4BB9-B4ED-2F10ADC84C72}.Debug|Any CPU.Build.0 = Debug|iPhoneSimulator
		{1F33E37A-594A-4BB9-B4ED-2F10ADC84C72}.Debug|Any CPU.Deploy.0 = Debug|iPhoneSimulator
		{1F33E37A-594A-4BB9-B4ED-2F10ADC84C72}.Debug|iPhone.ActiveCfg = Debug|iPhone
		{1F33E37A-594A-4BB9-B4ED-2F10ADC84C72}.Debug|iPhone.Build.0 = Debug|iPhone
		{1F33E37A-594A-4BB9-B4ED-2F10ADC84C72}.Debug|iPhone.Deploy.0 = Debug|iPhone
		{1F33E37A-594A-4BB9-B4ED-2F10ADC84C72}.Debug|iPhoneSimulator.ActiveCfg = Debug|iPhoneSimulator
		{1F33E37A-594A-4BB9-B4ED-2F10ADC84C72}.Debug|iPhoneSimulator.Build.0 = Debug|iPhoneSimulator
		{1F33E37A-594A-4BB9-B4ED-2F10ADC84C72}.Debug|iPhoneSimulator.Deploy.0 = Debug|iPhoneSimulator
		{1F33E37A-594A-4BB9-B4ED-2F10ADC84C72}.Release|Any CPU.ActiveCfg = Release|iPhone
		{1F33E37A-594A-4BB9-B4ED-2F10ADC84C72}.Release|Any CPU.Build.0 = Release|iPhone
		{1F33E37A-594A-4BB9-B4ED-2F10ADC84C72}.Release|Any CPU.Deploy.0 = Release|iPhone
		{1F33E37A-594A-4BB9-B4ED-2F10ADC84C72}.Release|iPhone.ActiveCfg = Release|iPhone
		{1F33E37A-594A-4BB9-B4ED-2F10ADC84C72}.Release|iPhone.Build.0 = Release|iPhone
		{1F33E37A-594A-4BB9-B4ED-2F10ADC84C72}.Release|iPhone.Deploy.0 = Release|iPhone
		{1F33E37A-594A-4BB9-B4ED-2F10ADC84C72}.Release|iPhoneSimulator.ActiveCfg = Release|iPhoneSimulator
		{1F33E37A-594A-4BB9-B4ED-2F10ADC84C72}.Release|iPhoneSimulator.Build.0 = Release|iPhoneSimulator
		{1F33E37A-594A-4BB9-B4ED-2F10ADC84C72}.Release|iPhoneSimulator.Deploy.0 = Release|iPhoneSimulator
		{DA1A2748-609D-4049-9443-CB9412254987}.Ad-Hoc|Any CPU.ActiveCfg = Debug|Any CPU
		{DA1A2748-609D-4049-9443-CB9412254987}.Ad-Hoc|Any CPU.Build.0 = Debug|Any CPU
		{DA1A2748-609D-4049-9443-CB9412254987}.Ad-Hoc|Any CPU.Deploy.0 = Debug|Any CPU
		{DA1A2748-609D-4049-9443-CB9412254987}.Ad-Hoc|iPhone.ActiveCfg = Debug|Any CPU
		{DA1A2748-609D-4049-9443-CB9412254987}.Ad-Hoc|iPhone.Build.0 = Debug|Any CPU
		{DA1A2748-609D-4049-9443-CB9412254987}.Ad-Hoc|iPhone.Deploy.0 = Debug|Any CPU
		{DA1A2748-609D-4049-9443-CB9412254987}.Ad-Hoc|iPhoneSimulator.ActiveCfg = Debug|Any CPU
		{DA1A2748-609D-4049-9443-CB9412254987}.Ad-Hoc|iPhoneSimulator.Build.0 = Debug|Any CPU
		{DA1A2748-609D-4049-9443-CB9412254987}.Ad-Hoc|iPhoneSimulator.Deploy.0 = Debug|Any CPU
		{DA1A2748-609D-4049-9443-CB9412254987}.AppStore|Any CPU.ActiveCfg = Debug|Any CPU
		{DA1A2748-609D-4049-9443-CB9412254987}.AppStore|Any CPU.Build.0 = Debug|Any CPU
		{DA1A2748-609D-4049-9443-CB9412254987}.AppStore|Any CPU.Deploy.0 = Debug|Any CPU
		{DA1A2748-609D-4049-9443-CB9412254987}.AppStore|iPhone.ActiveCfg = Debug|Any CPU
		{DA1A2748-609D-4049-9443-CB9412254987}.AppStore|iPhone.Build.0 = Debug|Any CPU
		{DA1A2748-609D-4049-9443-CB9412254987}.AppStore|iPhone.Deploy.0 = Debug|Any CPU
		{DA1A2748-609D-4049-9443-CB9412254987}.AppStore|iPhoneSimulator.ActiveCfg = Debug|Any CPU
		{DA1A2748-609D-4049-9443-CB9412254987}.AppStore|iPhoneSimulator.Build.0 = Debug|Any CPU
		{DA1A2748-609D-4049-9443-CB9412254987}.AppStore|iPhoneSimulator.Deploy.0 = Debug|Any CPU
		{DA1A2748-609D-4049-9443-CB9412254987}.Debug|Any CPU.ActiveCfg = Debug|Any CPU
		{DA1A2748-609D-4049-9443-CB9412254987}.Debug|Any CPU.Build.0 = Debug|Any CPU
		{DA1A2748-609D-4049-9443-CB9412254987}.Debug|Any CPU.Deploy.0 = Debug|Any CPU
		{DA1A2748-609D-4049-9443-CB9412254987}.Debug|iPhone.ActiveCfg = Debug|Any CPU
		{DA1A2748-609D-4049-9443-CB9412254987}.Debug|iPhone.Build.0 = Debug|Any CPU
		{DA1A2748-609D-4049-9443-CB9412254987}.Debug|iPhone.Deploy.0 = Debug|Any CPU
		{DA1A2748-609D-4049-9443-CB9412254987}.Debug|iPhoneSimulator.ActiveCfg = Debug|Any CPU
		{DA1A2748-609D-4049-9443-CB9412254987}.Debug|iPhoneSimulator.Build.0 = Debug|Any CPU
		{DA1A2748-609D-4049-9443-CB9412254987}.Debug|iPhoneSimulator.Deploy.0 = Debug|Any CPU
		{DA1A2748-609D-4049-9443-CB9412254987}.Release|Any CPU.ActiveCfg = Release|Any CPU
		{DA1A2748-609D-4049-9443-CB9412254987}.Release|Any CPU.Build.0 = Release|Any CPU
		{DA1A2748-609D-4049-9443-CB9412254987}.Release|Any CPU.Deploy.0 = Release|Any CPU
		{DA1A2748-609D-4049-9443-CB9412254987}.Release|iPhone.ActiveCfg = Release|Any CPU
		{DA1A2748-609D-4049-9443-CB9412254987}.Release|iPhone.Build.0 = Release|Any CPU
		{DA1A2748-609D-4049-9443-CB9412254987}.Release|iPhone.Deploy.0 = Release|Any CPU
		{DA1A2748-609D-4049-9443-CB9412254987}.Release|iPhoneSimulator.ActiveCfg = Release|Any CPU
		{DA1A2748-609D-4049-9443-CB9412254987}.Release|iPhoneSimulator.Build.0 = Release|Any CPU
		{DA1A2748-609D-4049-9443-CB9412254987}.Release|iPhoneSimulator.Deploy.0 = Release|Any CPU
	EndGlobalSection
	GlobalSection(SolutionProperties) = preSolution
		HideSolutionNode = FALSE
	EndGlobalSection
	GlobalSection(ExtensibilityGlobals) = postSolution
		SolutionGuid = {3E9784D1-3C1A-4063-A03A-0C62C219FC22}
	EndGlobalSection
EndGlobal
